
Microsoft Visual Studio Solution File, Format Version 12.00
# Visual Studio Version 16
VisualStudioVersion = 16.0.30517.126
MinimumVisualStudioVersion = 10.0.40219.1
Project("{FAE04EC0-301F-11D3-BF4B-00C04F79EFBC}") = "TiTpv19CatsAndDog", "TiTpv19CatsAndDog\TiTpv19CatsAndDog.csproj", "{1B9BA6EB-213E-4BA5-9F4B-8D7514873E83}"
EndProject
Global
	GlobalSection(SolutionConfigurationPlatforms) = preSolution
		Debug|Any CPU = Debug|Any CPU
		Release|Any CPU = Release|Any CPU
	EndGlobalSection
	GlobalSection(ProjectConfigurationPlatforms) = postSolution
		{1B9BA6EB-213E-4BA5-9F4B-8D7514873E83}.Debug|Any CPU.ActiveCfg = Debug|Any CPU
		{1B9BA6EB-213E-4BA5-9F4B-8D7514873E83}.Debug|Any CPU.Build.0 = Debug|Any CPU
		{1B9BA6EB-213E-4BA5-9F4B-8D7514873E83}.Release|Any CPU.ActiveCfg = Release|Any CPU
		{1B9BA6EB-213E-4BA5-9F4B-8D7514873E83}.Release|Any CPU.Build.0 = Release|Any CPU
	EndGlobalSection
	GlobalSection(SolutionProperties) = preSolution
		HideSolutionNode = FALSE
	EndGlobalSection
	GlobalSection(ExtensibilityGlobals) = postSolution
		SolutionGuid = {AB29AC65-34A9-4124-9302-CACEBFD92986}
	EndGlobalSection
EndGlobal
